
Microsoft Visual Studio Solution File, Format Version 12.00
# Visual Studio Version 17
VisualStudioVersion = 17.7.34221.43
MinimumVisualStudioVersion = 10.0.40219.1
Project("{FAE04EC0-301F-11D3-BF4B-00C04F79EFBC}") = "TrisDinamico", "TrisDinamico.csproj", "{B007A2EE-C26A-4491-BC75-7763991B5816}"
EndProject
Global
	GlobalSection(SolutionConfigurationPlatforms) = preSolution
		Debug|Any CPU = Debug|Any CPU
		Release|Any CPU = Release|Any CPU
	EndGlobalSection
	GlobalSection(ProjectConfigurationPlatforms) = postSolution
		{B007A2EE-C26A-4491-BC75-7763991B5816}.Debug|Any CPU.ActiveCfg = Debug|Any CPU
		{B007A2EE-C26A-4491-BC75-7763991B5816}.Debug|Any CPU.Build.0 = Debug|Any CPU
		{B007A2EE-C26A-4491-BC75-7763991B5816}.Release|Any CPU.ActiveCfg = Release|Any CPU
		{B007A2EE-C26A-4491-BC75-7763991B5816}.Release|Any CPU.Build.0 = Release|Any CPU
	EndGlobalSection
	GlobalSection(SolutionProperties) = preSolution
		HideSolutionNode = FALSE
	EndGlobalSection
	GlobalSection(ExtensibilityGlobals) = postSolution
		SolutionGuid = {EF4F87D5-0A37-4ACB-B798-82DF29D2DFD5}
	EndGlobalSection
EndGlobal
