
Microsoft Visual Studio Solution File, Format Version 12.00
# Visual Studio Version 17
VisualStudioVersion = 17.12.35527.113 d17.12
MinimumVisualStudioVersion = 10.0.40219.1
Project("{FAE04EC0-301F-11D3-BF4B-00C04F79EFBC}") = "Snake", "Snake\Snake.csproj", "{9308657B-089D-4717-8250-213609D7A366}"
EndProject
Global
	GlobalSection(SolutionConfigurationPlatforms) = preSolution
		Debug|Any CPU = Debug|Any CPU
		Release|Any CPU = Release|Any CPU
	EndGlobalSection
	GlobalSection(ProjectConfigurationPlatforms) = postSolution
		{9308657B-089D-4717-8250-213609D7A366}.Debug|Any CPU.ActiveCfg = Debug|Any CPU
		{9308657B-089D-4717-8250-213609D7A366}.Debug|Any CPU.Build.0 = Debug|Any CPU
		{9308657B-089D-4717-8250-213609D7A366}.Release|Any CPU.ActiveCfg = Release|Any CPU
		{9308657B-089D-4717-8250-213609D7A366}.Release|Any CPU.Build.0 = Release|Any CPU
	EndGlobalSection
	GlobalSection(SolutionProperties) = preSolution
		HideSolutionNode = FALSE
	EndGlobalSection
EndGlobal
