
Microsoft Visual Studio Solution File, Format Version 12.00
# Visual Studio Version 17
VisualStudioVersion = 17.11.35303.130
MinimumVisualStudioVersion = 10.0.40219.1
Project("{FAE04EC0-301F-11D3-BF4B-00C04F79EFBC}") = "Algoritmi Fondamentalii", "Algoritmi Fondamentalii.csproj", "{D16468F1-386E-42BC-B0C6-526C31382AA0}"
EndProject
Global
	GlobalSection(SolutionConfigurationPlatforms) = preSolution
		Debug|Any CPU = Debug|Any CPU
		Release|Any CPU = Release|Any CPU
	EndGlobalSection
	GlobalSection(ProjectConfigurationPlatforms) = postSolution
		{D16468F1-386E-42BC-B0C6-526C31382AA0}.Debug|Any CPU.ActiveCfg = Debug|Any CPU
		{D16468F1-386E-42BC-B0C6-526C31382AA0}.Debug|Any CPU.Build.0 = Debug|Any CPU
		{D16468F1-386E-42BC-B0C6-526C31382AA0}.Release|Any CPU.ActiveCfg = Release|Any CPU
		{D16468F1-386E-42BC-B0C6-526C31382AA0}.Release|Any CPU.Build.0 = Release|Any CPU
	EndGlobalSection
	GlobalSection(SolutionProperties) = preSolution
		HideSolutionNode = FALSE
	EndGlobalSection
	GlobalSection(ExtensibilityGlobals) = postSolution
		SolutionGuid = {F8290E80-CEDE-4B19-AD9B-660F1B21ECD1}
	EndGlobalSection
EndGlobal
