
Microsoft Visual Studio Solution File, Format Version 12.00
# Visual Studio Version 17
VisualStudioVersion = 17.7.34221.43
MinimumVisualStudioVersion = 10.0.40219.1
Project("{FAE04EC0-301F-11D3-BF4B-00C04F79EFBC}") = "Ese17_N°26 Pag 52", "Ese17_N°26 Pag 52\Ese17_N°26 Pag 52.csproj", "{E76CED29-599C-46F8-B0DB-D033D88AA85E}"
EndProject
Global
	GlobalSection(SolutionConfigurationPlatforms) = preSolution
		Debug|Any CPU = Debug|Any CPU
		Release|Any CPU = Release|Any CPU
	EndGlobalSection
	GlobalSection(ProjectConfigurationPlatforms) = postSolution
		{E76CED29-599C-46F8-B0DB-D033D88AA85E}.Debug|Any CPU.ActiveCfg = Debug|Any CPU
		{E76CED29-599C-46F8-B0DB-D033D88AA85E}.Debug|Any CPU.Build.0 = Debug|Any CPU
		{E76CED29-599C-46F8-B0DB-D033D88AA85E}.Release|Any CPU.ActiveCfg = Release|Any CPU
		{E76CED29-599C-46F8-B0DB-D033D88AA85E}.Release|Any CPU.Build.0 = Release|Any CPU
	EndGlobalSection
	GlobalSection(SolutionProperties) = preSolution
		HideSolutionNode = FALSE
	EndGlobalSection
	GlobalSection(ExtensibilityGlobals) = postSolution
		SolutionGuid = {4AD01688-9D49-4C96-A7CE-0EB0547FFDFA}
	EndGlobalSection
EndGlobal
