
Microsoft Visual Studio Solution File, Format Version 12.00
# Visual Studio Version 17
VisualStudioVersion = 17.11.35303.130
MinimumVisualStudioVersion = 10.0.40219.1
Project("{FAE04EC0-301F-11D3-BF4B-00C04F79EFBC}") = "Es 15 Pag 51", "Es 15 Pag 51.csproj", "{126A2271-B5A5-4604-96B1-C70E7D2E23CC}"
EndProject
Global
	GlobalSection(SolutionConfigurationPlatforms) = preSolution
		Debug|Any CPU = Debug|Any CPU
		Release|Any CPU = Release|Any CPU
	EndGlobalSection
	GlobalSection(ProjectConfigurationPlatforms) = postSolution
		{126A2271-B5A5-4604-96B1-C70E7D2E23CC}.Debug|Any CPU.ActiveCfg = Debug|Any CPU
		{126A2271-B5A5-4604-96B1-C70E7D2E23CC}.Debug|Any CPU.Build.0 = Debug|Any CPU
		{126A2271-B5A5-4604-96B1-C70E7D2E23CC}.Release|Any CPU.ActiveCfg = Release|Any CPU
		{126A2271-B5A5-4604-96B1-C70E7D2E23CC}.Release|Any CPU.Build.0 = Release|Any CPU
	EndGlobalSection
	GlobalSection(SolutionProperties) = preSolution
		HideSolutionNode = FALSE
	EndGlobalSection
	GlobalSection(ExtensibilityGlobals) = postSolution
		SolutionGuid = {B48AFF28-3F21-49CA-A6D3-F6A4F0E66439}
	EndGlobalSection
EndGlobal
