
Microsoft Visual Studio Solution File, Format Version 12.00
# Visual Studio Version 17
VisualStudioVersion = 17.8.34322.80
MinimumVisualStudioVersion = 10.0.40219.1
Project("{FAE04EC0-301F-11D3-BF4B-00C04F79EFBC}") = "Francavilla 14.10.24", "Francavilla 14.10.24.csproj", "{202CC42C-F9C0-4172-BB49-2B87FFACAE39}"
EndProject
Global
	GlobalSection(SolutionConfigurationPlatforms) = preSolution
		Debug|Any CPU = Debug|Any CPU
		Release|Any CPU = Release|Any CPU
	EndGlobalSection
	GlobalSection(ProjectConfigurationPlatforms) = postSolution
		{202CC42C-F9C0-4172-BB49-2B87FFACAE39}.Debug|Any CPU.ActiveCfg = Debug|Any CPU
		{202CC42C-F9C0-4172-BB49-2B87FFACAE39}.Debug|Any CPU.Build.0 = Debug|Any CPU
		{202CC42C-F9C0-4172-BB49-2B87FFACAE39}.Release|Any CPU.ActiveCfg = Release|Any CPU
		{202CC42C-F9C0-4172-BB49-2B87FFACAE39}.Release|Any CPU.Build.0 = Release|Any CPU
	EndGlobalSection
	GlobalSection(SolutionProperties) = preSolution
		HideSolutionNode = FALSE
	EndGlobalSection
	GlobalSection(ExtensibilityGlobals) = postSolution
		SolutionGuid = {7E9EE502-164A-42E6-81A2-5D63C9EE1092}
	EndGlobalSection
EndGlobal
