
Microsoft Visual Studio Solution File, Format Version 12.00
# Visual Studio Version 17
VisualStudioVersion = 17.8.34408.163
MinimumVisualStudioVersion = 10.0.40219.1
Project("{FAE04EC0-301F-11D3-BF4B-00C04F79EFBC}") = "N21P52Bis", "N21P52Bis.csproj", "{EBFCD0DA-1D07-46DD-831F-6C16DA034817}"
EndProject
Global
	GlobalSection(SolutionConfigurationPlatforms) = preSolution
		Debug|Any CPU = Debug|Any CPU
		Release|Any CPU = Release|Any CPU
	EndGlobalSection
	GlobalSection(ProjectConfigurationPlatforms) = postSolution
		{EBFCD0DA-1D07-46DD-831F-6C16DA034817}.Debug|Any CPU.ActiveCfg = Debug|Any CPU
		{EBFCD0DA-1D07-46DD-831F-6C16DA034817}.Debug|Any CPU.Build.0 = Debug|Any CPU
		{EBFCD0DA-1D07-46DD-831F-6C16DA034817}.Release|Any CPU.ActiveCfg = Release|Any CPU
		{EBFCD0DA-1D07-46DD-831F-6C16DA034817}.Release|Any CPU.Build.0 = Release|Any CPU
	EndGlobalSection
	GlobalSection(SolutionProperties) = preSolution
		HideSolutionNode = FALSE
	EndGlobalSection
	GlobalSection(ExtensibilityGlobals) = postSolution
		SolutionGuid = {049B9D21-D574-4A3C-A06A-8CAFC14E5A47}
	EndGlobalSection
EndGlobal
