
Microsoft Visual Studio Solution File, Format Version 12.00
# Visual Studio Version 17
VisualStudioVersion = 17.7.34221.43
MinimumVisualStudioVersion = 10.0.40219.1
Project("{FAE04EC0-301F-11D3-BF4B-00C04F79EFBC}") = "Francavilla17022025", "Francavilla17022025.csproj", "{37E399CB-4CFF-4F51-B180-2099EC872ABD}"
EndProject
Global
	GlobalSection(SolutionConfigurationPlatforms) = preSolution
		Debug|Any CPU = Debug|Any CPU
		Release|Any CPU = Release|Any CPU
	EndGlobalSection
	GlobalSection(ProjectConfigurationPlatforms) = postSolution
		{37E399CB-4CFF-4F51-B180-2099EC872ABD}.Debug|Any CPU.ActiveCfg = Debug|Any CPU
		{37E399CB-4CFF-4F51-B180-2099EC872ABD}.Debug|Any CPU.Build.0 = Debug|Any CPU
		{37E399CB-4CFF-4F51-B180-2099EC872ABD}.Release|Any CPU.ActiveCfg = Release|Any CPU
		{37E399CB-4CFF-4F51-B180-2099EC872ABD}.Release|Any CPU.Build.0 = Release|Any CPU
	EndGlobalSection
	GlobalSection(SolutionProperties) = preSolution
		HideSolutionNode = FALSE
	EndGlobalSection
	GlobalSection(ExtensibilityGlobals) = postSolution
		SolutionGuid = {1B0233F2-97D2-4D5C-8E59-D9E5703C62FF}
	EndGlobalSection
EndGlobal
