
Microsoft Visual Studio Solution File, Format Version 12.00
# Visual Studio Version 17
VisualStudioVersion = 17.8.34408.163
MinimumVisualStudioVersion = 10.0.40219.1
Project("{FAE04EC0-301F-11D3-BF4B-00C04F79EFBC}") = "MenuEGrafica", "MenuEGrafica.csproj", "{035BB348-B9D2-4DC6-8A94-E0C0E8D6FFE8}"
EndProject
Global
	GlobalSection(SolutionConfigurationPlatforms) = preSolution
		Debug|Any CPU = Debug|Any CPU
		Release|Any CPU = Release|Any CPU
	EndGlobalSection
	GlobalSection(ProjectConfigurationPlatforms) = postSolution
		{035BB348-B9D2-4DC6-8A94-E0C0E8D6FFE8}.Debug|Any CPU.ActiveCfg = Debug|Any CPU
		{035BB348-B9D2-4DC6-8A94-E0C0E8D6FFE8}.Debug|Any CPU.Build.0 = Debug|Any CPU
		{035BB348-B9D2-4DC6-8A94-E0C0E8D6FFE8}.Release|Any CPU.ActiveCfg = Release|Any CPU
		{035BB348-B9D2-4DC6-8A94-E0C0E8D6FFE8}.Release|Any CPU.Build.0 = Release|Any CPU
	EndGlobalSection
	GlobalSection(SolutionProperties) = preSolution
		HideSolutionNode = FALSE
	EndGlobalSection
	GlobalSection(ExtensibilityGlobals) = postSolution
		SolutionGuid = {C0A22420-3F79-4256-A4F5-B19A0D1A55D2}
	EndGlobalSection
EndGlobal
