
Microsoft Visual Studio Solution File, Format Version 12.00
# Visual Studio Version 17
VisualStudioVersion = 17.8.34322.80
MinimumVisualStudioVersion = 10.0.40219.1
Project("{FAE04EC0-301F-11D3-BF4B-00C04F79EFBC}") = "es 21 pag 52 bis", "es 21 pag 52 bis.csproj", "{D938E263-12DD-47E2-8A58-98B7C63CAD9C}"
EndProject
Global
	GlobalSection(SolutionConfigurationPlatforms) = preSolution
		Debug|Any CPU = Debug|Any CPU
		Release|Any CPU = Release|Any CPU
	EndGlobalSection
	GlobalSection(ProjectConfigurationPlatforms) = postSolution
		{D938E263-12DD-47E2-8A58-98B7C63CAD9C}.Debug|Any CPU.ActiveCfg = Debug|Any CPU
		{D938E263-12DD-47E2-8A58-98B7C63CAD9C}.Debug|Any CPU.Build.0 = Debug|Any CPU
		{D938E263-12DD-47E2-8A58-98B7C63CAD9C}.Release|Any CPU.ActiveCfg = Release|Any CPU
		{D938E263-12DD-47E2-8A58-98B7C63CAD9C}.Release|Any CPU.Build.0 = Release|Any CPU
	EndGlobalSection
	GlobalSection(SolutionProperties) = preSolution
		HideSolutionNode = FALSE
	EndGlobalSection
	GlobalSection(ExtensibilityGlobals) = postSolution
		SolutionGuid = {65465D9B-F553-453C-8FEC-68B0D0F848D2}
	EndGlobalSection
EndGlobal
