
Microsoft Visual Studio Solution File, Format Version 12.00
# Visual Studio Version 17
VisualStudioVersion = 17.8.34322.80
MinimumVisualStudioVersion = 10.0.40219.1
Project("{FAE04EC0-301F-11D3-BF4B-00C04F79EFBC}") = "MenùVettori3B", "MenùVettori3B.csproj", "{88D60ED2-5A54-4C28-ADE5-E671013711C9}"
EndProject
Global
	GlobalSection(SolutionConfigurationPlatforms) = preSolution
		Debug|Any CPU = Debug|Any CPU
		Release|Any CPU = Release|Any CPU
	EndGlobalSection
	GlobalSection(ProjectConfigurationPlatforms) = postSolution
		{88D60ED2-5A54-4C28-ADE5-E671013711C9}.Debug|Any CPU.ActiveCfg = Debug|Any CPU
		{88D60ED2-5A54-4C28-ADE5-E671013711C9}.Debug|Any CPU.Build.0 = Debug|Any CPU
		{88D60ED2-5A54-4C28-ADE5-E671013711C9}.Release|Any CPU.ActiveCfg = Release|Any CPU
		{88D60ED2-5A54-4C28-ADE5-E671013711C9}.Release|Any CPU.Build.0 = Release|Any CPU
	EndGlobalSection
	GlobalSection(SolutionProperties) = preSolution
		HideSolutionNode = FALSE
	EndGlobalSection
	GlobalSection(ExtensibilityGlobals) = postSolution
		SolutionGuid = {1449AEE3-5763-4EF1-ACBD-52B326609C31}
	EndGlobalSection
EndGlobal
