
Microsoft Visual Studio Solution File, Format Version 12.00
# Visual Studio Version 17
VisualStudioVersion = 17.7.34221.43
MinimumVisualStudioVersion = 10.0.40219.1
Project("{FAE04EC0-301F-11D3-BF4B-00C04F79EFBC}") = "RISO_17022025", "RISO_17022025\RISO_17022025.csproj", "{E36D3192-AED7-4A6A-AEA5-66EDA2A3FFBD}"
EndProject
Global
	GlobalSection(SolutionConfigurationPlatforms) = preSolution
		Debug|Any CPU = Debug|Any CPU
		Release|Any CPU = Release|Any CPU
	EndGlobalSection
	GlobalSection(ProjectConfigurationPlatforms) = postSolution
		{E36D3192-AED7-4A6A-AEA5-66EDA2A3FFBD}.Debug|Any CPU.ActiveCfg = Debug|Any CPU
		{E36D3192-AED7-4A6A-AEA5-66EDA2A3FFBD}.Debug|Any CPU.Build.0 = Debug|Any CPU
		{E36D3192-AED7-4A6A-AEA5-66EDA2A3FFBD}.Release|Any CPU.ActiveCfg = Release|Any CPU
		{E36D3192-AED7-4A6A-AEA5-66EDA2A3FFBD}.Release|Any CPU.Build.0 = Release|Any CPU
	EndGlobalSection
	GlobalSection(SolutionProperties) = preSolution
		HideSolutionNode = FALSE
	EndGlobalSection
	GlobalSection(ExtensibilityGlobals) = postSolution
		SolutionGuid = {E244D879-B06D-4CD8-8E98-64FBCA6B1CAE}
	EndGlobalSection
EndGlobal
