
Microsoft Visual Studio Solution File, Format Version 12.00
# Visual Studio Version 16
VisualStudioVersion = 16.0.29411.108
MinimumVisualStudioVersion = 10.0.40219.1
Project("{FAE04EC0-301F-11D3-BF4B-00C04F79EFBC}") = "Forza 4", "Forza 4\Forza 4.csproj", "{D1174835-1965-4601-B7F0-E05F2B793134}"
EndProject
Global
	GlobalSection(SolutionConfigurationPlatforms) = preSolution
		Debug|Any CPU = Debug|Any CPU
		Release|Any CPU = Release|Any CPU
	EndGlobalSection
	GlobalSection(ProjectConfigurationPlatforms) = postSolution
		{D1174835-1965-4601-B7F0-E05F2B793134}.Debug|Any CPU.ActiveCfg = Debug|Any CPU
		{D1174835-1965-4601-B7F0-E05F2B793134}.Debug|Any CPU.Build.0 = Debug|Any CPU
		{D1174835-1965-4601-B7F0-E05F2B793134}.Release|Any CPU.ActiveCfg = Release|Any CPU
		{D1174835-1965-4601-B7F0-E05F2B793134}.Release|Any CPU.Build.0 = Release|Any CPU
	EndGlobalSection
	GlobalSection(SolutionProperties) = preSolution
		HideSolutionNode = FALSE
	EndGlobalSection
	GlobalSection(ExtensibilityGlobals) = postSolution
		SolutionGuid = {0BA02DA1-AE10-4A4B-9DE1-58E0C02E7288}
	EndGlobalSection
EndGlobal
