
Microsoft Visual Studio Solution File, Format Version 12.00
# Visual Studio Version 17
VisualStudioVersion = 17.8.34408.163
MinimumVisualStudioVersion = 10.0.40219.1
Project("{FAE04EC0-301F-11D3-BF4B-00C04F79EFBC}") = "Verifica_09122024", "Verifica_09122024.csproj", "{2BC3F0F2-62FA-4260-A4D8-3AE0285ABA00}"
EndProject
Global
	GlobalSection(SolutionConfigurationPlatforms) = preSolution
		Debug|Any CPU = Debug|Any CPU
		Release|Any CPU = Release|Any CPU
	EndGlobalSection
	GlobalSection(ProjectConfigurationPlatforms) = postSolution
		{2BC3F0F2-62FA-4260-A4D8-3AE0285ABA00}.Debug|Any CPU.ActiveCfg = Debug|Any CPU
		{2BC3F0F2-62FA-4260-A4D8-3AE0285ABA00}.Debug|Any CPU.Build.0 = Debug|Any CPU
		{2BC3F0F2-62FA-4260-A4D8-3AE0285ABA00}.Release|Any CPU.ActiveCfg = Release|Any CPU
		{2BC3F0F2-62FA-4260-A4D8-3AE0285ABA00}.Release|Any CPU.Build.0 = Release|Any CPU
	EndGlobalSection
	GlobalSection(SolutionProperties) = preSolution
		HideSolutionNode = FALSE
	EndGlobalSection
	GlobalSection(ExtensibilityGlobals) = postSolution
		SolutionGuid = {235E5C7F-181C-402D-BEDF-B4EA49D6D4BA}
	EndGlobalSection
EndGlobal
