
Microsoft Visual Studio Solution File, Format Version 12.00
# Visual Studio Version 17
VisualStudioVersion = 17.11.35303.130
MinimumVisualStudioVersion = 10.0.40219.1
Project("{FAE04EC0-301F-11D3-BF4B-00C04F79EFBC}") = "Ripasso Algoritmi fondamentali", "Ripasso Algoritmi fondamentali.csproj", "{40872BC5-3E36-4FE7-B229-FAA320964745}"
EndProject
Global
	GlobalSection(SolutionConfigurationPlatforms) = preSolution
		Debug|Any CPU = Debug|Any CPU
		Release|Any CPU = Release|Any CPU
	EndGlobalSection
	GlobalSection(ProjectConfigurationPlatforms) = postSolution
		{40872BC5-3E36-4FE7-B229-FAA320964745}.Debug|Any CPU.ActiveCfg = Debug|Any CPU
		{40872BC5-3E36-4FE7-B229-FAA320964745}.Debug|Any CPU.Build.0 = Debug|Any CPU
		{40872BC5-3E36-4FE7-B229-FAA320964745}.Release|Any CPU.ActiveCfg = Release|Any CPU
		{40872BC5-3E36-4FE7-B229-FAA320964745}.Release|Any CPU.Build.0 = Release|Any CPU
	EndGlobalSection
	GlobalSection(SolutionProperties) = preSolution
		HideSolutionNode = FALSE
	EndGlobalSection
	GlobalSection(ExtensibilityGlobals) = postSolution
		SolutionGuid = {E0E84B39-2C34-48F4-81C7-DB0DB1A4105D}
	EndGlobalSection
EndGlobal
