
Microsoft Visual Studio Solution File, Format Version 12.00
# Visual Studio Version 17
VisualStudioVersion = 17.8.34322.80
MinimumVisualStudioVersion = 10.0.40219.1
Project("{FAE04EC0-301F-11D3-BF4B-00C04F79EFBC}") = "Max_Più_Valori", "Max_Più_Valori.csproj", "{AD34E910-5950-43DF-BCE7-B7EA143FE1C9}"
EndProject
Global
	GlobalSection(SolutionConfigurationPlatforms) = preSolution
		Debug|Any CPU = Debug|Any CPU
		Release|Any CPU = Release|Any CPU
	EndGlobalSection
	GlobalSection(ProjectConfigurationPlatforms) = postSolution
		{AD34E910-5950-43DF-BCE7-B7EA143FE1C9}.Debug|Any CPU.ActiveCfg = Debug|Any CPU
		{AD34E910-5950-43DF-BCE7-B7EA143FE1C9}.Debug|Any CPU.Build.0 = Debug|Any CPU
		{AD34E910-5950-43DF-BCE7-B7EA143FE1C9}.Release|Any CPU.ActiveCfg = Release|Any CPU
		{AD34E910-5950-43DF-BCE7-B7EA143FE1C9}.Release|Any CPU.Build.0 = Release|Any CPU
	EndGlobalSection
	GlobalSection(SolutionProperties) = preSolution
		HideSolutionNode = FALSE
	EndGlobalSection
	GlobalSection(ExtensibilityGlobals) = postSolution
		SolutionGuid = {F3C0BC89-35DF-4A14-AFD2-99C11032CB45}
	EndGlobalSection
EndGlobal
